// !$*UTF8*$!
{
	archiveVersion = 1;
	classes = {
	};
	objectVersion = 46;
	objects = {

/* Begin PBXBuildFile section */
		5EB28030A56774A346242066 /* Pods_Agreedient.framework in Frameworks */ = {isa = PBXBuildFile; fileRef = 692EF763AF71B2F91C0575C2 /* Pods_Agreedient.framework */; };
		A0501AACB9AC1F7C47B2D0F6 /* Pods_AgreedientTests.framework in Frameworks */ = {isa = PBXBuildFile; fileRef = FDE254331325FC016EB3DBCB /* Pods_AgreedientTests.framework */; };
		FC61DD501ECFB914000CCA5A /* Recipe.swift in Sources */ = {isa = PBXBuildFile; fileRef = FC61DD4F1ECFB914000CCA5A /* Recipe.swift */; };
		FC61DD521ED0E829000CCA5A /* Ingredient.swift in Sources */ = {isa = PBXBuildFile; fileRef = FC61DD511ED0E829000CCA5A /* Ingredient.swift */; };
		FC61DD541ED13331000CCA5A /* RecipeTableViewCell.swift in Sources */ = {isa = PBXBuildFile; fileRef = FC61DD531ED13331000CCA5A /* RecipeTableViewCell.swift */; };
		FC75B8301ECF6D76005372A1 /* AppDelegate.swift in Sources */ = {isa = PBXBuildFile; fileRef = FC75B82F1ECF6D76005372A1 /* AppDelegate.swift */; };
		FC75B8321ECF6D76005372A1 /* ViewController.swift in Sources */ = {isa = PBXBuildFile; fileRef = FC75B8311ECF6D76005372A1 /* ViewController.swift */; };
		FC75B8351ECF6D76005372A1 /* Main.storyboard in Resources */ = {isa = PBXBuildFile; fileRef = FC75B8331ECF6D76005372A1 /* Main.storyboard */; };
		FC75B8371ECF6D76005372A1 /* Assets.xcassets in Resources */ = {isa = PBXBuildFile; fileRef = FC75B8361ECF6D76005372A1 /* Assets.xcassets */; };
		FC75B83A1ECF6D76005372A1 /* LaunchScreen.storyboard in Resources */ = {isa = PBXBuildFile; fileRef = FC75B8381ECF6D76005372A1 /* LaunchScreen.storyboard */; };
		FC75B8451ECF6D76005372A1 /* AgreedientTests.swift in Sources */ = {isa = PBXBuildFile; fileRef = FC75B8441ECF6D76005372A1 /* AgreedientTests.swift */; };
		FC75B8501ECF71CF005372A1 /* ResultsTableViewController.swift in Sources */ = {isa = PBXBuildFile; fileRef = FC75B84F1ECF71CF005372A1 /* ResultsTableViewController.swift */; };
/* End PBXBuildFile section */

/* Begin PBXContainerItemProxy section */
		FC75B8411ECF6D76005372A1 /* PBXContainerItemProxy */ = {
			isa = PBXContainerItemProxy;
			containerPortal = FC75B8241ECF6D76005372A1 /* Project object */;
			proxyType = 1;
			remoteGlobalIDString = FC75B82B1ECF6D76005372A1;
			remoteInfo = Agreedient;
		};
/* End PBXContainerItemProxy section */

/* Begin PBXFileReference section */
		09DF8CDD4B9B0D3F84FDDE1C /* Pods-Agreedient.release.xcconfig */ = {isa = PBXFileReference; includeInIndex = 1; lastKnownFileType = text.xcconfig; name = "Pods-Agreedient.release.xcconfig"; path = "Pods/Target Support Files/Pods-Agreedient/Pods-Agreedient.release.xcconfig"; sourceTree = "<group>"; };
		1872668849E0F93DD8E5A44C /* Pods-AgreedientTests.release.xcconfig */ = {isa = PBXFileReference; includeInIndex = 1; lastKnownFileType = text.xcconfig; name = "Pods-AgreedientTests.release.xcconfig"; path = "Pods/Target Support Files/Pods-AgreedientTests/Pods-AgreedientTests.release.xcconfig"; sourceTree = "<group>"; };
		1EC2B4345847AC2166F58255 /* Pods-Agreedient.debug.xcconfig */ = {isa = PBXFileReference; includeInIndex = 1; lastKnownFileType = text.xcconfig; name = "Pods-Agreedient.debug.xcconfig"; path = "Pods/Target Support Files/Pods-Agreedient/Pods-Agreedient.debug.xcconfig"; sourceTree = "<group>"; };
		692EF763AF71B2F91C0575C2 /* Pods_Agreedient.framework */ = {isa = PBXFileReference; explicitFileType = wrapper.framework; includeInIndex = 0; path = Pods_Agreedient.framework; sourceTree = BUILT_PRODUCTS_DIR; };
		98894FFAB6E9216C75763FFE /* Pods-AgreedientTests.debug.xcconfig */ = {isa = PBXFileReference; includeInIndex = 1; lastKnownFileType = text.xcconfig; name = "Pods-AgreedientTests.debug.xcconfig"; path = "Pods/Target Support Files/Pods-AgreedientTests/Pods-AgreedientTests.debug.xcconfig"; sourceTree = "<group>"; };
		FC61DD4F1ECFB914000CCA5A /* Recipe.swift */ = {isa = PBXFileReference; fileEncoding = 4; lastKnownFileType = sourcecode.swift; path = Recipe.swift; sourceTree = "<group>"; };
		FC61DD511ED0E829000CCA5A /* Ingredient.swift */ = {isa = PBXFileReference; fileEncoding = 4; lastKnownFileType = sourcecode.swift; path = Ingredient.swift; sourceTree = "<group>"; };
		FC61DD531ED13331000CCA5A /* RecipeTableViewCell.swift */ = {isa = PBXFileReference; fileEncoding = 4; lastKnownFileType = sourcecode.swift; path = RecipeTableViewCell.swift; sourceTree = "<group>"; };
		FC75B82C1ECF6D76005372A1 /* Agreedient.app */ = {isa = PBXFileReference; explicitFileType = wrapper.application; includeInIndex = 0; path = Agreedient.app; sourceTree = BUILT_PRODUCTS_DIR; };
		FC75B82F1ECF6D76005372A1 /* AppDelegate.swift */ = {isa = PBXFileReference; lastKnownFileType = sourcecode.swift; path = AppDelegate.swift; sourceTree = "<group>"; };
		FC75B8311ECF6D76005372A1 /* ViewController.swift */ = {isa = PBXFileReference; lastKnownFileType = sourcecode.swift; path = ViewController.swift; sourceTree = "<group>"; };
		FC75B8341ECF6D76005372A1 /* Base */ = {isa = PBXFileReference; lastKnownFileType = file.storyboard; name = Base; path = Base.lproj/Main.storyboard; sourceTree = "<group>"; };
		FC75B8361ECF6D76005372A1 /* Assets.xcassets */ = {isa = PBXFileReference; lastKnownFileType = folder.assetcatalog; path = Assets.xcassets; sourceTree = "<group>"; };
		FC75B8391ECF6D76005372A1 /* Base */ = {isa = PBXFileReference; lastKnownFileType = file.storyboard; name = Base; path = Base.lproj/LaunchScreen.storyboard; sourceTree = "<group>"; };
		FC75B83B1ECF6D76005372A1 /* Info.plist */ = {isa = PBXFileReference; lastKnownFileType = text.plist.xml; path = Info.plist; sourceTree = "<group>"; };
		FC75B8401ECF6D76005372A1 /* AgreedientTests.xctest */ = {isa = PBXFileReference; explicitFileType = wrapper.cfbundle; includeInIndex = 0; path = AgreedientTests.xctest; sourceTree = BUILT_PRODUCTS_DIR; };
		FC75B8441ECF6D76005372A1 /* AgreedientTests.swift */ = {isa = PBXFileReference; lastKnownFileType = sourcecode.swift; path = AgreedientTests.swift; sourceTree = "<group>"; };
		FC75B8461ECF6D76005372A1 /* Info.plist */ = {isa = PBXFileReference; lastKnownFileType = text.plist.xml; path = Info.plist; sourceTree = "<group>"; };
		FC75B84F1ECF71CF005372A1 /* ResultsTableViewController.swift */ = {isa = PBXFileReference; fileEncoding = 4; lastKnownFileType = sourcecode.swift; path = ResultsTableViewController.swift; sourceTree = "<group>"; };
		FDE254331325FC016EB3DBCB /* Pods_AgreedientTests.framework */ = {isa = PBXFileReference; explicitFileType = wrapper.framework; includeInIndex = 0; path = Pods_AgreedientTests.framework; sourceTree = BUILT_PRODUCTS_DIR; };
/* End PBXFileReference section */

/* Begin PBXFrameworksBuildPhase section */
		FC75B8291ECF6D76005372A1 /* Frameworks */ = {
			isa = PBXFrameworksBuildPhase;
			buildActionMask = 2147483647;
			files = (
				5EB28030A56774A346242066 /* Pods_Agreedient.framework in Frameworks */,
			);
			runOnlyForDeploymentPostprocessing = 0;
		};
		FC75B83D1ECF6D76005372A1 /* Frameworks */ = {
			isa = PBXFrameworksBuildPhase;
			buildActionMask = 2147483647;
			files = (
				A0501AACB9AC1F7C47B2D0F6 /* Pods_AgreedientTests.framework in Frameworks */,
			);
			runOnlyForDeploymentPostprocessing = 0;
		};
/* End PBXFrameworksBuildPhase section */

/* Begin PBXGroup section */
		8D8F634389F428BD2F5A93A7 /* Frameworks */ = {
			isa = PBXGroup;
			children = (
				692EF763AF71B2F91C0575C2 /* Pods_Agreedient.framework */,
				FDE254331325FC016EB3DBCB /* Pods_AgreedientTests.framework */,
			);
			name = Frameworks;
			sourceTree = "<group>";
		};
		EF8E6E55993B8853A5B23943 /* Pods */ = {
			isa = PBXGroup;
			children = (
				1EC2B4345847AC2166F58255 /* Pods-Agreedient.debug.xcconfig */,
				09DF8CDD4B9B0D3F84FDDE1C /* Pods-Agreedient.release.xcconfig */,
				98894FFAB6E9216C75763FFE /* Pods-AgreedientTests.debug.xcconfig */,
				1872668849E0F93DD8E5A44C /* Pods-AgreedientTests.release.xcconfig */,
			);
			name = Pods;
			sourceTree = "<group>";
		};
		FC75B8231ECF6D76005372A1 = {
			isa = PBXGroup;
			children = (
				FC75B82E1ECF6D76005372A1 /* Agreedient */,
				FC75B8431ECF6D76005372A1 /* AgreedientTests */,
				FC75B82D1ECF6D76005372A1 /* Products */,
				EF8E6E55993B8853A5B23943 /* Pods */,
				8D8F634389F428BD2F5A93A7 /* Frameworks */,
			);
			sourceTree = "<group>";
		};
		FC75B82D1ECF6D76005372A1 /* Products */ = {
			isa = PBXGroup;
			children = (
				FC75B82C1ECF6D76005372A1 /* Agreedient.app */,
				FC75B8401ECF6D76005372A1 /* AgreedientTests.xctest */,
			);
			name = Products;
			sourceTree = "<group>";
		};
		FC75B82E1ECF6D76005372A1 /* Agreedient */ = {
			isa = PBXGroup;
			children = (
				FC75B82F1ECF6D76005372A1 /* AppDelegate.swift */,
				FC75B8311ECF6D76005372A1 /* ViewController.swift */,
				FC75B8331ECF6D76005372A1 /* Main.storyboard */,
				FC61DD4F1ECFB914000CCA5A /* Recipe.swift */,
				FC61DD531ED13331000CCA5A /* RecipeTableViewCell.swift */,
				FC61DD511ED0E829000CCA5A /* Ingredient.swift */,
				FC75B84F1ECF71CF005372A1 /* ResultsTableViewController.swift */,
				FC75B8361ECF6D76005372A1 /* Assets.xcassets */,
				FC75B8381ECF6D76005372A1 /* LaunchScreen.storyboard */,
				FC75B83B1ECF6D76005372A1 /* Info.plist */,
			);
			path = Agreedient;
			sourceTree = "<group>";
		};
		FC75B8431ECF6D76005372A1 /* AgreedientTests */ = {
			isa = PBXGroup;
			children = (
				FC75B8441ECF6D76005372A1 /* AgreedientTests.swift */,
				FC75B8461ECF6D76005372A1 /* Info.plist */,
			);
			path = AgreedientTests;
			sourceTree = "<group>";
		};
/* End PBXGroup section */

/* Begin PBXNativeTarget section */
		FC75B82B1ECF6D76005372A1 /* Agreedient */ = {
			isa = PBXNativeTarget;
			buildConfigurationList = FC75B8491ECF6D76005372A1 /* Build configuration list for PBXNativeTarget "Agreedient" */;
			buildPhases = (
				F843A3F0C85F8F1966AA9576 /* [CP] Check Pods Manifest.lock */,
				FC75B8281ECF6D76005372A1 /* Sources */,
				FC75B8291ECF6D76005372A1 /* Frameworks */,
				FC75B82A1ECF6D76005372A1 /* Resources */,
				3FAA5AAA0783201EB505BE96 /* [CP] Embed Pods Frameworks */,
				F5D14BC5A4F9107F10A03EB0 /* [CP] Copy Pods Resources */,
			);
			buildRules = (
			);
			dependencies = (
			);
			name = Agreedient;
			productName = Agreedient;
			productReference = FC75B82C1ECF6D76005372A1 /* Agreedient.app */;
			productType = "com.apple.product-type.application";
		};
		FC75B83F1ECF6D76005372A1 /* AgreedientTests */ = {
			isa = PBXNativeTarget;
			buildConfigurationList = FC75B84C1ECF6D76005372A1 /* Build configuration list for PBXNativeTarget "AgreedientTests" */;
			buildPhases = (
				D7767FDAECE35BA30F4C3DEA /* [CP] Check Pods Manifest.lock */,
				FC75B83C1ECF6D76005372A1 /* Sources */,
				FC75B83D1ECF6D76005372A1 /* Frameworks */,
				FC75B83E1ECF6D76005372A1 /* Resources */,
				C48D39AF86E3F167678D004C /* [CP] Embed Pods Frameworks */,
				9573313CAB663805C1F7DA89 /* [CP] Copy Pods Resources */,
			);
			buildRules = (
			);
			dependencies = (
				FC75B8421ECF6D76005372A1 /* PBXTargetDependency */,
			);
			name = AgreedientTests;
			productName = AgreedientTests;
			productReference = FC75B8401ECF6D76005372A1 /* AgreedientTests.xctest */;
			productType = "com.apple.product-type.bundle.unit-test";
		};
/* End PBXNativeTarget section */

/* Begin PBXProject section */
		FC75B8241ECF6D76005372A1 /* Project object */ = {
			isa = PBXProject;
			attributes = {
				LastSwiftUpdateCheck = 0830;
				LastUpgradeCheck = 0830;
				ORGANIZATIONNAME = ME;
				TargetAttributes = {
					FC75B82B1ECF6D76005372A1 = {
						CreatedOnToolsVersion = 8.3.2;
						DevelopmentTeam = 9NNF93T6RM;
						ProvisioningStyle = Automatic;
					};
					FC75B83F1ECF6D76005372A1 = {
						CreatedOnToolsVersion = 8.3.2;
						DevelopmentTeam = 9NNF93T6RM;
						ProvisioningStyle = Automatic;
						TestTargetID = FC75B82B1ECF6D76005372A1;
					};
				};
			};
			buildConfigurationList = FC75B8271ECF6D76005372A1 /* Build configuration list for PBXProject "Agreedient" */;
			compatibilityVersion = "Xcode 3.2";
			developmentRegion = English;
			hasScannedForEncodings = 0;
			knownRegions = (
				en,
				Base,
			);
			mainGroup = FC75B8231ECF6D76005372A1;
			productRefGroup = FC75B82D1ECF6D76005372A1 /* Products */;
			projectDirPath = "";
			projectRoot = "";
			targets = (
				FC75B82B1ECF6D76005372A1 /* Agreedient */,
				FC75B83F1ECF6D76005372A1 /* AgreedientTests */,
			);
		};
/* End PBXProject section */

/* Begin PBXResourcesBuildPhase section */
		FC75B82A1ECF6D76005372A1 /* Resources */ = {
			isa = PBXResourcesBuildPhase;
			buildActionMask = 2147483647;
			files = (
				FC75B83A1ECF6D76005372A1 /* LaunchScreen.storyboard in Resources */,
				FC75B8371ECF6D76005372A1 /* Assets.xcassets in Resources */,
				FC75B8351ECF6D76005372A1 /* Main.storyboard in Resources */,
			);
			runOnlyForDeploymentPostprocessing = 0;
		};
		FC75B83E1ECF6D76005372A1 /* Resources */ = {
			isa = PBXResourcesBuildPhase;
			buildActionMask = 2147483647;
			files = (
			);
			runOnlyForDeploymentPostprocessing = 0;
		};
/* End PBXResourcesBuildPhase section */

/* Begin PBXShellScriptBuildPhase section */
		3FAA5AAA0783201EB505BE96 /* [CP] Embed Pods Frameworks */ = {
			isa = PBXShellScriptBuildPhase;
			buildActionMask = 2147483647;
			files = (
			);
			inputPaths = (
			);
			name = "[CP] Embed Pods Frameworks";
			outputPaths = (
			);
			runOnlyForDeploymentPostprocessing = 0;
			shellPath = /bin/sh;
			shellScript = "\"${SRCROOT}/Pods/Target Support Files/Pods-Agreedient/Pods-Agreedient-frameworks.sh\"\n";
			showEnvVarsInLog = 0;
		};
		9573313CAB663805C1F7DA89 /* [CP] Copy Pods Resources */ = {
			isa = PBXShellScriptBuildPhase;
			buildActionMask = 2147483647;
			files = (
			);
			inputPaths = (
			);
			name = "[CP] Copy Pods Resources";
			outputPaths = (
			);
			runOnlyForDeploymentPostprocessing = 0;
			shellPath = /bin/sh;
			shellScript = "\"${SRCROOT}/Pods/Target Support Files/Pods-AgreedientTests/Pods-AgreedientTests-resources.sh\"\n";
			showEnvVarsInLog = 0;
		};
		C48D39AF86E3F167678D004C /* [CP] Embed Pods Frameworks */ = {
			isa = PBXShellScriptBuildPhase;
			buildActionMask = 2147483647;
			files = (
			);
			inputPaths = (
			);
			name = "[CP] Embed Pods Frameworks";
			outputPaths = (
			);
			runOnlyForDeploymentPostprocessing = 0;
			shellPath = /bin/sh;
			shellScript = "\"${SRCROOT}/Pods/Target Support Files/Pods-AgreedientTests/Pods-AgreedientTests-frameworks.sh\"\n";
			showEnvVarsInLog = 0;
		};
		D7767FDAECE35BA30F4C3DEA /* [CP] Check Pods Manifest.lock */ = {
			isa = PBXShellScriptBuildPhase;
			buildActionMask = 2147483647;
			files = (
			);
			inputPaths = (
			);
			name = "[CP] Check Pods Manifest.lock";
			outputPaths = (
			);
			runOnlyForDeploymentPostprocessing = 0;
			shellPath = /bin/sh;
			shellScript = "diff \"${PODS_PODFILE_DIR_PATH}/Podfile.lock\" \"${PODS_ROOT}/Manifest.lock\" > /dev/null\nif [ $? != 0 ] ; then\n    # print error to STDERR\n    echo \"error: The sandbox is not in sync with the Podfile.lock. Run 'pod install' or update your CocoaPods installation.\" >&2\n    exit 1\nfi\n";
			showEnvVarsInLog = 0;
		};
		F5D14BC5A4F9107F10A03EB0 /* [CP] Copy Pods Resources */ = {
			isa = PBXShellScriptBuildPhase;
			buildActionMask = 2147483647;
			files = (
			);
			inputPaths = (
			);
			name = "[CP] Copy Pods Resources";
			outputPaths = (
			);
			runOnlyForDeploymentPostprocessing = 0;
			shellPath = /bin/sh;
			shellScript = "\"${SRCROOT}/Pods/Target Support Files/Pods-Agreedient/Pods-Agreedient-resources.sh\"\n";
			showEnvVarsInLog = 0;
		};
		F843A3F0C85F8F1966AA9576 /* [CP] Check Pods Manifest.lock */ = {
			isa = PBXShellScriptBuildPhase;
			buildActionMask = 2147483647;
			files = (
			);
			inputPaths = (
			);
			name = "[CP] Check Pods Manifest.lock";
			outputPaths = (
			);
			runOnlyForDeploymentPostprocessing = 0;
			shellPath = /bin/sh;
			shellScript = "diff \"${PODS_PODFILE_DIR_PATH}/Podfile.lock\" \"${PODS_ROOT}/Manifest.lock\" > /dev/null\nif [ $? != 0 ] ; then\n    # print error to STDERR\n    echo \"error: The sandbox is not in sync with the Podfile.lock. Run 'pod install' or update your CocoaPods installation.\" >&2\n    exit 1\nfi\n";
			showEnvVarsInLog = 0;
		};
/* End PBXShellScriptBuildPhase section */

/* Begin PBXSourcesBuildPhase section */
		FC75B8281ECF6D76005372A1 /* Sources */ = {
			isa = PBXSourcesBuildPhase;
			buildActionMask = 2147483647;
			files = (
				FC75B8501ECF71CF005372A1 /* ResultsTableViewController.swift in Sources */,
				FC75B8321ECF6D76005372A1 /* ViewController.swift in Sources */,
				FC61DD521ED0E829000CCA5A /* Ingredient.swift in Sources */,
				FC61DD541ED13331000CCA5A /* RecipeTableViewCell.swift in Sources */,
				FC75B8301ECF6D76005372A1 /* AppDelegate.swift in Sources */,
				FC61DD501ECFB914000CCA5A /* Recipe.swift in Sources */,
			);
			runOnlyForDeploymentPostprocessing = 0;
		};
		FC75B83C1ECF6D76005372A1 /* Sources */ = {
			isa = PBXSourcesBuildPhase;
			buildActionMask = 2147483647;
			files = (
				FC75B8451ECF6D76005372A1 /* AgreedientTests.swift in Sources */,
			);
			runOnlyForDeploymentPostprocessing = 0;
		};
/* End PBXSourcesBuildPhase section */

/* Begin PBXTargetDependency section */
		FC75B8421ECF6D76005372A1 /* PBXTargetDependency */ = {
			isa = PBXTargetDependency;
			target = FC75B82B1ECF6D76005372A1 /* Agreedient */;
			targetProxy = FC75B8411ECF6D76005372A1 /* PBXContainerItemProxy */;
		};
/* End PBXTargetDependency section */

/* Begin PBXVariantGroup section */
		FC75B8331ECF6D76005372A1 /* Main.storyboard */ = {
			isa = PBXVariantGroup;
			children = (
				FC75B8341ECF6D76005372A1 /* Base */,
			);
			name = Main.storyboard;
			sourceTree = "<group>";
		};
		FC75B8381ECF6D76005372A1 /* LaunchScreen.storyboard */ = {
			isa = PBXVariantGroup;
			children = (
				FC75B8391ECF6D76005372A1 /* Base */,
			);
			name = LaunchScreen.storyboard;
			sourceTree = "<group>";
		};
/* End PBXVariantGroup section */

/* Begin XCBuildConfiguration section */
		FC75B8471ECF6D76005372A1 /* Debug */ = {
			isa = XCBuildConfiguration;
			buildSettings = {
				ALWAYS_SEARCH_USER_PATHS = NO;
				CLANG_ANALYZER_NONNULL = YES;
				CLANG_ANALYZER_NUMBER_OBJECT_CONVERSION = YES_AGGRESSIVE;
				CLANG_CXX_LANGUAGE_STANDARD = "gnu++0x";
				CLANG_CXX_LIBRARY = "libc++";
				CLANG_ENABLE_MODULES = YES;
				CLANG_ENABLE_OBJC_ARC = YES;
				CLANG_WARN_BOOL_CONVERSION = YES;
				CLANG_WARN_CONSTANT_CONVERSION = YES;
				CLANG_WARN_DIRECT_OBJC_ISA_USAGE = YES_ERROR;
				CLANG_WARN_DOCUMENTATION_COMMENTS = YES;
				CLANG_WARN_EMPTY_BODY = YES;
				CLANG_WARN_ENUM_CONVERSION = YES;
				CLANG_WARN_INFINITE_RECURSION = YES;
				CLANG_WARN_INT_CONVERSION = YES;
				CLANG_WARN_OBJC_ROOT_CLASS = YES_ERROR;
				CLANG_WARN_SUSPICIOUS_MOVE = YES;
				CLANG_WARN_UNREACHABLE_CODE = YES;
				CLANG_WARN__DUPLICATE_METHOD_MATCH = YES;
				"CODE_SIGN_IDENTITY[sdk=iphoneos*]" = "iPhone Developer";
				COPY_PHASE_STRIP = NO;
				DEBUG_INFORMATION_FORMAT = dwarf;
				ENABLE_STRICT_OBJC_MSGSEND = YES;
				ENABLE_TESTABILITY = YES;
				GCC_C_LANGUAGE_STANDARD = gnu99;
				GCC_DYNAMIC_NO_PIC = NO;
				GCC_NO_COMMON_BLOCKS = YES;
				GCC_OPTIMIZATION_LEVEL = 0;
				GCC_PREPROCESSOR_DEFINITIONS = (
					"DEBUG=1",
					"$(inherited)",
				);
				GCC_WARN_64_TO_32_BIT_CONVERSION = YES;
				GCC_WARN_ABOUT_RETURN_TYPE = YES_ERROR;
				GCC_WARN_UNDECLARED_SELECTOR = YES;
				GCC_WARN_UNINITIALIZED_AUTOS = YES_AGGRESSIVE;
				GCC_WARN_UNUSED_FUNCTION = YES;
				GCC_WARN_UNUSED_VARIABLE = YES;
				IPHONEOS_DEPLOYMENT_TARGET = 10.3;
				MTL_ENABLE_DEBUG_INFO = YES;
				ONLY_ACTIVE_ARCH = YES;
				SDKROOT = iphoneos;
				SWIFT_ACTIVE_COMPILATION_CONDITIONS = DEBUG;
				SWIFT_OPTIMIZATION_LEVEL = "-Onone";
			};
			name = Debug;
		};
		FC75B8481ECF6D76005372A1 /* Release */ = {
			isa = XCBuildConfiguration;
			buildSettings = {
				ALWAYS_SEARCH_USER_PATHS = NO;
				CLANG_ANALYZER_NONNULL = YES;
				CLANG_ANALYZER_NUMBER_OBJECT_CONVERSION = YES_AGGRESSIVE;
				CLANG_CXX_LANGUAGE_STANDARD = "gnu++0x";
				CLANG_CXX_LIBRARY = "libc++";
				CLANG_ENABLE_MODULES = YES;
				CLANG_ENABLE_OBJC_ARC = YES;
				CLANG_WARN_BOOL_CONVERSION = YES;
				CLANG_WARN_CONSTANT_CONVERSION = YES;
				CLANG_WARN_DIRECT_OBJC_ISA_USAGE = YES_ERROR;
				CLANG_WARN_DOCUMENTATION_COMMENTS = YES;
				CLANG_WARN_EMPTY_BODY = YES;
				CLANG_WARN_ENUM_CONVERSION = YES;
				CLANG_WARN_INFINITE_RECURSION = YES;
				CLANG_WARN_INT_CONVERSION = YES;
				CLANG_WARN_OBJC_ROOT_CLASS = YES_ERROR;
				CLANG_WARN_SUSPICIOUS_MOVE = YES;
				CLANG_WARN_UNREACHABLE_CODE = YES;
				CLANG_WARN__DUPLICATE_METHOD_MATCH = YES;
				"CODE_SIGN_IDENTITY[sdk=iphoneos*]" = "iPhone Developer";
				COPY_PHASE_STRIP = NO;
				DEBUG_INFORMATION_FORMAT = "dwarf-with-dsym";
				ENABLE_NS_ASSERTIONS = NO;
				ENABLE_STRICT_OBJC_MSGSEND = YES;
				GCC_C_LANGUAGE_STANDARD = gnu99;
				GCC_NO_COMMON_BLOCKS = YES;
				GCC_WARN_64_TO_32_BIT_CONVERSION = YES;
				GCC_WARN_ABOUT_RETURN_TYPE = YES_ERROR;
				GCC_WARN_UNDECLARED_SELECTOR = YES;
				GCC_WARN_UNINITIALIZED_AUTOS = YES_AGGRESSIVE;
				GCC_WARN_UNUSED_FUNCTION = YES;
				GCC_WARN_UNUSED_VARIABLE = YES;
				IPHONEOS_DEPLOYMENT_TARGET = 10.3;
				MTL_ENABLE_DEBUG_INFO = NO;
				SDKROOT = iphoneos;
				SWIFT_OPTIMIZATION_LEVEL = "-Owholemodule";
				VALIDATE_PRODUCT = YES;
			};
			name = Release;
		};
		FC75B84A1ECF6D76005372A1 /* Debug */ = {
			isa = XCBuildConfiguration;
			baseConfigurationReference = 1EC2B4345847AC2166F58255 /* Pods-Agreedient.debug.xcconfig */;
			buildSettings = {
				ASSETCATALOG_COMPILER_APPICON_NAME = AppIcon;
				DEVELOPMENT_TEAM = 9NNF93T6RM;
				FRAMEWORK_SEARCH_PATHS = (
					"$(inherited)",
					"\"$PODS_CONFIGURATION_BUILD_DIR/RealmSwift\"",
					"\"$PODS_CONFIGURATION_BUILD_DIR/Realm\"",
					"\"$PODS_CONFIGURATION_BUILD_DIR/PromiseKit\"",
					"\"$PODS_CONFIGURATION_BUILD_DIR/Alamofire\"",
				);
				INFOPLIST_FILE = Agreedient/Info.plist;
				IPHONEOS_DEPLOYMENT_TARGET = 8.0;
				LD_RUNPATH_SEARCH_PATHS = "$(inherited) @executable_path/Frameworks";
				PRODUCT_BUNDLE_IDENTIFIER = EML.Agreedient;
				PRODUCT_NAME = "$(TARGET_NAME)";
				SWIFT_VERSION = 3.0;
			};
			name = Debug;
		};
		FC75B84B1ECF6D76005372A1 /* Release */ = {
			isa = XCBuildConfiguration;
			baseConfigurationReference = 09DF8CDD4B9B0D3F84FDDE1C /* Pods-Agreedient.release.xcconfig */;
			buildSettings = {
				ASSETCATALOG_COMPILER_APPICON_NAME = AppIcon;
				DEVELOPMENT_TEAM = 9NNF93T6RM;
				FRAMEWORK_SEARCH_PATHS = (
					"$(inherited)",
					"\"$PODS_CONFIGURATION_BUILD_DIR/RealmSwift\"",
					"\"$PODS_CONFIGURATION_BUILD_DIR/Realm\"",
					"\"$PODS_CONFIGURATION_BUILD_DIR/PromiseKit\"",
					"\"$PODS_CONFIGURATION_BUILD_DIR/Alamofire\"",
				);
				INFOPLIST_FILE = Agreedient/Info.plist;
				IPHONEOS_DEPLOYMENT_TARGET = 8.0;
				LD_RUNPATH_SEARCH_PATHS = "$(inherited) @executable_path/Frameworks";
				PRODUCT_BUNDLE_IDENTIFIER = EML.Agreedient;
				PRODUCT_NAME = "$(TARGET_NAME)";
				SWIFT_VERSION = 3.0;
			};
			name = Release;
		};
		FC75B84D1ECF6D76005372A1 /* Debug */ = {
			isa = XCBuildConfiguration;
			baseConfigurationReference = 98894FFAB6E9216C75763FFE /* Pods-AgreedientTests.debug.xcconfig */;
			buildSettings = {
				ALWAYS_EMBED_SWIFT_STANDARD_LIBRARIES = YES;
				BUNDLE_LOADER = "$(TEST_HOST)";
				DEVELOPMENT_TEAM = 9NNF93T6RM;
				INFOPLIST_FILE = AgreedientTests/Info.plist;
				LD_RUNPATH_SEARCH_PATHS = "$(inherited) @executable_path/Frameworks @loader_path/Frameworks";
				PRODUCT_BUNDLE_IDENTIFIER = EML.AgreedientTests;
				PRODUCT_NAME = "$(TARGET_NAME)";
				SWIFT_VERSION = 3.0;
				TEST_HOST = "$(BUILT_PRODUCTS_DIR)/Agreedient.app/Agreedient";
			};
			name = Debug;
		};
		FC75B84E1ECF6D76005372A1 /* Release */ = {
			isa = XCBuildConfiguration;
			baseConfigurationReference = 1872668849E0F93DD8E5A44C /* Pods-AgreedientTests.release.xcconfig */;
			buildSettings = {
				ALWAYS_EMBED_SWIFT_STANDARD_LIBRARIES = YES;
				BUNDLE_LOADER = "$(TEST_HOST)";
				DEVELOPMENT_TEAM = 9NNF93T6RM;
				INFOPLIST_FILE = AgreedientTests/Info.plist;
				LD_RUNPATH_SEARCH_PATHS = "$(inherited) @executable_path/Frameworks @loader_path/Frameworks";
				PRODUCT_BUNDLE_IDENTIFIER = EML.AgreedientTests;
				PRODUCT_NAME = "$(TARGET_NAME)";
				SWIFT_VERSION = 3.0;
				TEST_HOST = "$(BUILT_PRODUCTS_DIR)/Agreedient.app/Agreedient";
			};
			name = Release;
		};
/* End XCBuildConfiguration section */

/* Begin XCConfigurationList section */
		FC75B8271ECF6D76005372A1 /* Build configuration list for PBXProject "Agreedient" */ = {
			isa = XCConfigurationList;
			buildConfigurations = (
				FC75B8471ECF6D76005372A1 /* Debug */,
				FC75B8481ECF6D76005372A1 /* Release */,
			);
			defaultConfigurationIsVisible = 0;
			defaultConfigurationName = Release;
		};
		FC75B8491ECF6D76005372A1 /* Build configuration list for PBXNativeTarget "Agreedient" */ = {
			isa = XCConfigurationList;
			buildConfigurations = (
				FC75B84A1ECF6D76005372A1 /* Debug */,
				FC75B84B1ECF6D76005372A1 /* Release */,
			);
			defaultConfigurationIsVisible = 0;
			defaultConfigurationName = Release;
		};
		FC75B84C1ECF6D76005372A1 /* Build configuration list for PBXNativeTarget "AgreedientTests" */ = {
			isa = XCConfigurationList;
			buildConfigurations = (
				FC75B84D1ECF6D76005372A1 /* Debug */,
				FC75B84E1ECF6D76005372A1 /* Release */,
			);
			defaultConfigurationIsVisible = 0;
			defaultConfigurationName = Release;
		};
/* End XCConfigurationList section */
	};
	rootObject = FC75B8241ECF6D76005372A1 /* Project object */;
}
